
Microsoft Visual Studio Solution File, Format Version 12.00
# Visual Studio Version 17
VisualStudioVersion = 17.1.32421.90
MinimumVisualStudioVersion = 10.0.40219.1
Project("{9A19103F-16F7-4668-BE54-9A1E7A4F7556}") = "Kafe.Api", "Api\Kafe.Api.csproj", "{B2EB6382-1064-4AD8-B56F-B26B9F61BD7B}"
EndProject
Project("{9A19103F-16F7-4668-BE54-9A1E7A4F7556}") = "Kafe.Tests", "Tests\Kafe.Tests.csproj", "{58B4DB5E-3C7B-4853-BEB9-46616D3FF7BA}"
EndProject
Project("{9A19103F-16F7-4668-BE54-9A1E7A4F7556}") = "Kafe.Ruv", "Ruv\Kafe.Ruv.csproj", "{F6AA5B2C-FADA-4B93-BC4C-5E076C93E85F}"
EndProject
Project("{9A19103F-16F7-4668-BE54-9A1E7A4F7556}") = "Kafe.Media", "Media\Kafe.Media.csproj", "{BC834D1B-BC91-4760-B93C-1CF51E1F5D48}"
EndProject
Project("{9A19103F-16F7-4668-BE54-9A1E7A4F7556}") = "Kafe.Playground", "Playground\Kafe.Playground.csproj", "{42A6C973-2DF2-40E6-BAFB-632CC64CBDF3}"
EndProject
Project("{9A19103F-16F7-4668-BE54-9A1E7A4F7556}") = "Kafe.Data", "Data\Kafe.Data.csproj", "{15B0CB61-7181-4BC3-B66C-638D865D5060}"
EndProject
Project("{9A19103F-16F7-4668-BE54-9A1E7A4F7556}") = "Kafe.Common", "Common\Kafe.Common.csproj", "{7AB3C00C-29A2-4FE7-B14A-363F0D26D6A7}"
EndProject
Project("{2150E333-8FDC-42A3-9474-1A3956D46DE8}") = "Solution Items", "Solution Items", "{C2C83C2A-BD93-4D92-ACE2-B956B31B0D89}"
	ProjectSection(SolutionItems) = preProject
		.editorconfig = .editorconfig
		.gitattributes = .gitattributes
		.gitignore = .gitignore
		.gitlab-ci.yml = .gitlab-ci.yml
		Api.Dockerfile = Api.Dockerfile
		Directory.Build.props = Directory.Build.props
		NuGet.config = NuGet.config
		docker-compose.local.yml = docker-compose.local.yml
		Announcer.Dockerfile = Announcer.Dockerfile
		README.md = README.md
		Web.Dockerfile = Web.Dockerfile
		docker-compose.staging.yml = docker-compose.staging.yml
		docker-compose.docs.yml = docker-compose.docs.yml
		docker-compose.base.yml = docker-compose.base.yml
		docker-compose.production.yml = docker-compose.production.yml
		Blender.Dockerfile = Blender.Dockerfile
		Directory.Packages.props = Directory.Packages.props
	EndProjectSection
EndProject
Project("{FAE04EC0-301F-11D3-BF4B-00C04F79EFBC}") = "Kafe.MockIdentity", "MockIdentity\Kafe.MockIdentity.csproj", "{3A0F9596-06EC-4B5B-AA12-DB5B28D351DA}"
EndProject
Project("{FAE04EC0-301F-11D3-BF4B-00C04F79EFBC}") = "Kafe.Announcer", "Announcer\Kafe.Announcer.csproj", "{02C5E470-3ABC-471B-BB9C-36E279E2917A}"
EndProject
Project("{FAE04EC0-301F-11D3-BF4B-00C04F79EFBC}") = "Kafe.Pigeons", "Pigeons\Kafe.Pigeons.csproj", "{0471CCDE-174B-4396-A2C8-93F041044C2B}"
EndProject
Project("{FAE04EC0-301F-11D3-BF4B-00C04F79EFBC}") = "Kafe.Core", "Core\Kafe.Core.csproj", "{C836E570-A4B6-4CD5-B95C-B84442425D19}"
EndProject
Project("{FAE04EC0-301F-11D3-BF4B-00C04F79EFBC}") = "Kafe.Mate", "Mate\Kafe.Mate.csproj", "{6AE2DBF2-A9B9-4105-85C7-C4BC5FE22C0A}"
EndProject
Project("{FAE04EC0-301F-11D3-BF4B-00C04F79EFBC}") = "Kafe.Legacy", "Legacy\Kafe.Legacy.csproj", "{C73E9E1B-CC4E-4389-BBD1-734F60371723}"
EndProject
Project("{FAE04EC0-301F-11D3-BF4B-00C04F79EFBC}") = "Kafe.SourceGenerators", "SourceGenerators\Kafe.SourceGenerators.csproj", "{9C1D39F9-6C6C-48F7-95CC-FE923090B717}"
EndProject
Project("{FAE04EC0-301F-11D3-BF4B-00C04F79EFBC}") = "Kafe.Common.Tests", "Common\Tests\Kafe.Common.Tests.csproj", "{BE325C3E-B418-44CB-8E0F-FF3B84FCBAE0}"
EndProject
Global
	GlobalSection(SolutionConfigurationPlatforms) = preSolution
		Debug|Any CPU = Debug|Any CPU
		Debug|x64 = Debug|x64
		Debug|x86 = Debug|x86
		Release|Any CPU = Release|Any CPU
		Release|x64 = Release|x64
		Release|x86 = Release|x86
	EndGlobalSection
	GlobalSection(ProjectConfigurationPlatforms) = postSolution
		{B2EB6382-1064-4AD8-B56F-B26B9F61BD7B}.Debug|Any CPU.ActiveCfg = Debug|Any CPU
		{B2EB6382-1064-4AD8-B56F-B26B9F61BD7B}.Debug|Any CPU.Build.0 = Debug|Any CPU
		{B2EB6382-1064-4AD8-B56F-B26B9F61BD7B}.Debug|x64.ActiveCfg = Debug|Any CPU
		{B2EB6382-1064-4AD8-B56F-B26B9F61BD7B}.Debug|x64.Build.0 = Debug|Any CPU
		{B2EB6382-1064-4AD8-B56F-B26B9F61BD7B}.Debug|x86.ActiveCfg = Debug|Any CPU
		{B2EB6382-1064-4AD8-B56F-B26B9F61BD7B}.Debug|x86.Build.0 = Debug|Any CPU
		{B2EB6382-1064-4AD8-B56F-B26B9F61BD7B}.Release|Any CPU.ActiveCfg = Release|Any CPU
		{B2EB6382-1064-4AD8-B56F-B26B9F61BD7B}.Release|Any CPU.Build.0 = Release|Any CPU
		{B2EB6382-1064-4AD8-B56F-B26B9F61BD7B}.Release|x64.ActiveCfg = Release|Any CPU
		{B2EB6382-1064-4AD8-B56F-B26B9F61BD7B}.Release|x64.Build.0 = Release|Any CPU
		{B2EB6382-1064-4AD8-B56F-B26B9F61BD7B}.Release|x86.ActiveCfg = Release|Any CPU
		{B2EB6382-1064-4AD8-B56F-B26B9F61BD7B}.Release|x86.Build.0 = Release|Any CPU
		{58B4DB5E-3C7B-4853-BEB9-46616D3FF7BA}.Debug|Any CPU.ActiveCfg = Debug|Any CPU
		{58B4DB5E-3C7B-4853-BEB9-46616D3FF7BA}.Debug|Any CPU.Build.0 = Debug|Any CPU
		{58B4DB5E-3C7B-4853-BEB9-46616D3FF7BA}.Debug|x64.ActiveCfg = Debug|Any CPU
		{58B4DB5E-3C7B-4853-BEB9-46616D3FF7BA}.Debug|x64.Build.0 = Debug|Any CPU
		{58B4DB5E-3C7B-4853-BEB9-46616D3FF7BA}.Debug|x86.ActiveCfg = Debug|Any CPU
		{58B4DB5E-3C7B-4853-BEB9-46616D3FF7BA}.Debug|x86.Build.0 = Debug|Any CPU
		{58B4DB5E-3C7B-4853-BEB9-46616D3FF7BA}.Release|Any CPU.ActiveCfg = Release|Any CPU
		{58B4DB5E-3C7B-4853-BEB9-46616D3FF7BA}.Release|Any CPU.Build.0 = Release|Any CPU
		{58B4DB5E-3C7B-4853-BEB9-46616D3FF7BA}.Release|x64.ActiveCfg = Release|Any CPU
		{58B4DB5E-3C7B-4853-BEB9-46616D3FF7BA}.Release|x64.Build.0 = Release|Any CPU
		{58B4DB5E-3C7B-4853-BEB9-46616D3FF7BA}.Release|x86.ActiveCfg = Release|Any CPU
		{58B4DB5E-3C7B-4853-BEB9-46616D3FF7BA}.Release|x86.Build.0 = Release|Any CPU
		{F6AA5B2C-FADA-4B93-BC4C-5E076C93E85F}.Debug|Any CPU.ActiveCfg = Debug|Any CPU
		{F6AA5B2C-FADA-4B93-BC4C-5E076C93E85F}.Debug|Any CPU.Build.0 = Debug|Any CPU
		{F6AA5B2C-FADA-4B93-BC4C-5E076C93E85F}.Debug|x64.ActiveCfg = Debug|Any CPU
		{F6AA5B2C-FADA-4B93-BC4C-5E076C93E85F}.Debug|x64.Build.0 = Debug|Any CPU
		{F6AA5B2C-FADA-4B93-BC4C-5E076C93E85F}.Debug|x86.ActiveCfg = Debug|Any CPU
		{F6AA5B2C-FADA-4B93-BC4C-5E076C93E85F}.Debug|x86.Build.0 = Debug|Any CPU
		{F6AA5B2C-FADA-4B93-BC4C-5E076C93E85F}.Release|Any CPU.ActiveCfg = Release|Any CPU
		{F6AA5B2C-FADA-4B93-BC4C-5E076C93E85F}.Release|Any CPU.Build.0 = Release|Any CPU
		{F6AA5B2C-FADA-4B93-BC4C-5E076C93E85F}.Release|x64.ActiveCfg = Release|Any CPU
		{F6AA5B2C-FADA-4B93-BC4C-5E076C93E85F}.Release|x64.Build.0 = Release|Any CPU
		{F6AA5B2C-FADA-4B93-BC4C-5E076C93E85F}.Release|x86.ActiveCfg = Release|Any CPU
		{F6AA5B2C-FADA-4B93-BC4C-5E076C93E85F}.Release|x86.Build.0 = Release|Any CPU
		{BC834D1B-BC91-4760-B93C-1CF51E1F5D48}.Debug|Any CPU.ActiveCfg = Debug|Any CPU
		{BC834D1B-BC91-4760-B93C-1CF51E1F5D48}.Debug|Any CPU.Build.0 = Debug|Any CPU
		{BC834D1B-BC91-4760-B93C-1CF51E1F5D48}.Debug|x64.ActiveCfg = Debug|Any CPU
		{BC834D1B-BC91-4760-B93C-1CF51E1F5D48}.Debug|x64.Build.0 = Debug|Any CPU
		{BC834D1B-BC91-4760-B93C-1CF51E1F5D48}.Debug|x86.ActiveCfg = Debug|Any CPU
		{BC834D1B-BC91-4760-B93C-1CF51E1F5D48}.Debug|x86.Build.0 = Debug|Any CPU
		{BC834D1B-BC91-4760-B93C-1CF51E1F5D48}.Release|Any CPU.ActiveCfg = Release|Any CPU
		{BC834D1B-BC91-4760-B93C-1CF51E1F5D48}.Release|Any CPU.Build.0 = Release|Any CPU
		{BC834D1B-BC91-4760-B93C-1CF51E1F5D48}.Release|x64.ActiveCfg = Release|Any CPU
		{BC834D1B-BC91-4760-B93C-1CF51E1F5D48}.Release|x64.Build.0 = Release|Any CPU
		{BC834D1B-BC91-4760-B93C-1CF51E1F5D48}.Release|x86.ActiveCfg = Release|Any CPU
		{BC834D1B-BC91-4760-B93C-1CF51E1F5D48}.Release|x86.Build.0 = Release|Any CPU
		{42A6C973-2DF2-40E6-BAFB-632CC64CBDF3}.Debug|Any CPU.ActiveCfg = Debug|Any CPU
		{42A6C973-2DF2-40E6-BAFB-632CC64CBDF3}.Debug|Any CPU.Build.0 = Debug|Any CPU
		{42A6C973-2DF2-40E6-BAFB-632CC64CBDF3}.Debug|x64.ActiveCfg = Debug|Any CPU
		{42A6C973-2DF2-40E6-BAFB-632CC64CBDF3}.Debug|x64.Build.0 = Debug|Any CPU
		{42A6C973-2DF2-40E6-BAFB-632CC64CBDF3}.Debug|x86.ActiveCfg = Debug|Any CPU
		{42A6C973-2DF2-40E6-BAFB-632CC64CBDF3}.Debug|x86.Build.0 = Debug|Any CPU
		{42A6C973-2DF2-40E6-BAFB-632CC64CBDF3}.Release|Any CPU.ActiveCfg = Release|Any CPU
		{42A6C973-2DF2-40E6-BAFB-632CC64CBDF3}.Release|Any CPU.Build.0 = Release|Any CPU
		{42A6C973-2DF2-40E6-BAFB-632CC64CBDF3}.Release|x64.ActiveCfg = Release|Any CPU
		{42A6C973-2DF2-40E6-BAFB-632CC64CBDF3}.Release|x64.Build.0 = Release|Any CPU
		{42A6C973-2DF2-40E6-BAFB-632CC64CBDF3}.Release|x86.ActiveCfg = Release|Any CPU
		{42A6C973-2DF2-40E6-BAFB-632CC64CBDF3}.Release|x86.Build.0 = Release|Any CPU
		{15B0CB61-7181-4BC3-B66C-638D865D5060}.Debug|Any CPU.ActiveCfg = Debug|Any CPU
		{15B0CB61-7181-4BC3-B66C-638D865D5060}.Debug|Any CPU.Build.0 = Debug|Any CPU
		{15B0CB61-7181-4BC3-B66C-638D865D5060}.Debug|x64.ActiveCfg = Debug|Any CPU
		{15B0CB61-7181-4BC3-B66C-638D865D5060}.Debug|x64.Build.0 = Debug|Any CPU
		{15B0CB61-7181-4BC3-B66C-638D865D5060}.Debug|x86.ActiveCfg = Debug|Any CPU
		{15B0CB61-7181-4BC3-B66C-638D865D5060}.Debug|x86.Build.0 = Debug|Any CPU
		{15B0CB61-7181-4BC3-B66C-638D865D5060}.Release|Any CPU.ActiveCfg = Release|Any CPU
		{15B0CB61-7181-4BC3-B66C-638D865D5060}.Release|Any CPU.Build.0 = Release|Any CPU
		{15B0CB61-7181-4BC3-B66C-638D865D5060}.Release|x64.ActiveCfg = Release|Any CPU
		{15B0CB61-7181-4BC3-B66C-638D865D5060}.Release|x64.Build.0 = Release|Any CPU
		{15B0CB61-7181-4BC3-B66C-638D865D5060}.Release|x86.ActiveCfg = Release|Any CPU
		{15B0CB61-7181-4BC3-B66C-638D865D5060}.Release|x86.Build.0 = Release|Any CPU
		{7AB3C00C-29A2-4FE7-B14A-363F0D26D6A7}.Debug|Any CPU.ActiveCfg = Debug|Any CPU
		{7AB3C00C-29A2-4FE7-B14A-363F0D26D6A7}.Debug|Any CPU.Build.0 = Debug|Any CPU
		{7AB3C00C-29A2-4FE7-B14A-363F0D26D6A7}.Debug|x64.ActiveCfg = Debug|Any CPU
		{7AB3C00C-29A2-4FE7-B14A-363F0D26D6A7}.Debug|x64.Build.0 = Debug|Any CPU
		{7AB3C00C-29A2-4FE7-B14A-363F0D26D6A7}.Debug|x86.ActiveCfg = Debug|Any CPU
		{7AB3C00C-29A2-4FE7-B14A-363F0D26D6A7}.Debug|x86.Build.0 = Debug|Any CPU
		{7AB3C00C-29A2-4FE7-B14A-363F0D26D6A7}.Release|Any CPU.ActiveCfg = Release|Any CPU
		{7AB3C00C-29A2-4FE7-B14A-363F0D26D6A7}.Release|Any CPU.Build.0 = Release|Any CPU
		{7AB3C00C-29A2-4FE7-B14A-363F0D26D6A7}.Release|x64.ActiveCfg = Release|Any CPU
		{7AB3C00C-29A2-4FE7-B14A-363F0D26D6A7}.Release|x64.Build.0 = Release|Any CPU
		{7AB3C00C-29A2-4FE7-B14A-363F0D26D6A7}.Release|x86.ActiveCfg = Release|Any CPU
		{7AB3C00C-29A2-4FE7-B14A-363F0D26D6A7}.Release|x86.Build.0 = Release|Any CPU
		{3A0F9596-06EC-4B5B-AA12-DB5B28D351DA}.Debug|Any CPU.ActiveCfg = Debug|Any CPU
		{3A0F9596-06EC-4B5B-AA12-DB5B28D351DA}.Debug|Any CPU.Build.0 = Debug|Any CPU
		{3A0F9596-06EC-4B5B-AA12-DB5B28D351DA}.Debug|x64.ActiveCfg = Debug|Any CPU
		{3A0F9596-06EC-4B5B-AA12-DB5B28D351DA}.Debug|x64.Build.0 = Debug|Any CPU
		{3A0F9596-06EC-4B5B-AA12-DB5B28D351DA}.Debug|x86.ActiveCfg = Debug|Any CPU
		{3A0F9596-06EC-4B5B-AA12-DB5B28D351DA}.Debug|x86.Build.0 = Debug|Any CPU
		{3A0F9596-06EC-4B5B-AA12-DB5B28D351DA}.Release|Any CPU.ActiveCfg = Release|Any CPU
		{3A0F9596-06EC-4B5B-AA12-DB5B28D351DA}.Release|Any CPU.Build.0 = Release|Any CPU
		{3A0F9596-06EC-4B5B-AA12-DB5B28D351DA}.Release|x64.ActiveCfg = Release|Any CPU
		{3A0F9596-06EC-4B5B-AA12-DB5B28D351DA}.Release|x64.Build.0 = Release|Any CPU
		{3A0F9596-06EC-4B5B-AA12-DB5B28D351DA}.Release|x86.ActiveCfg = Release|Any CPU
		{3A0F9596-06EC-4B5B-AA12-DB5B28D351DA}.Release|x86.Build.0 = Release|Any CPU
		{02C5E470-3ABC-471B-BB9C-36E279E2917A}.Debug|Any CPU.ActiveCfg = Debug|Any CPU
		{02C5E470-3ABC-471B-BB9C-36E279E2917A}.Debug|Any CPU.Build.0 = Debug|Any CPU
		{02C5E470-3ABC-471B-BB9C-36E279E2917A}.Debug|x64.ActiveCfg = Debug|Any CPU
		{02C5E470-3ABC-471B-BB9C-36E279E2917A}.Debug|x64.Build.0 = Debug|Any CPU
		{02C5E470-3ABC-471B-BB9C-36E279E2917A}.Debug|x86.ActiveCfg = Debug|Any CPU
		{02C5E470-3ABC-471B-BB9C-36E279E2917A}.Debug|x86.Build.0 = Debug|Any CPU
		{02C5E470-3ABC-471B-BB9C-36E279E2917A}.Release|Any CPU.ActiveCfg = Release|Any CPU
		{02C5E470-3ABC-471B-BB9C-36E279E2917A}.Release|Any CPU.Build.0 = Release|Any CPU
		{02C5E470-3ABC-471B-BB9C-36E279E2917A}.Release|x64.ActiveCfg = Release|Any CPU
		{02C5E470-3ABC-471B-BB9C-36E279E2917A}.Release|x64.Build.0 = Release|Any CPU
		{02C5E470-3ABC-471B-BB9C-36E279E2917A}.Release|x86.ActiveCfg = Release|Any CPU
		{02C5E470-3ABC-471B-BB9C-36E279E2917A}.Release|x86.Build.0 = Release|Any CPU
		{0471CCDE-174B-4396-A2C8-93F041044C2B}.Debug|Any CPU.ActiveCfg = Debug|Any CPU
		{0471CCDE-174B-4396-A2C8-93F041044C2B}.Debug|Any CPU.Build.0 = Debug|Any CPU
		{0471CCDE-174B-4396-A2C8-93F041044C2B}.Release|Any CPU.ActiveCfg = Release|Any CPU
		{0471CCDE-174B-4396-A2C8-93F041044C2B}.Release|Any CPU.Build.0 = Release|Any CPU
		{C836E570-A4B6-4CD5-B95C-B84442425D19}.Debug|Any CPU.ActiveCfg = Debug|Any CPU
		{C836E570-A4B6-4CD5-B95C-B84442425D19}.Debug|Any CPU.Build.0 = Debug|Any CPU
		{C836E570-A4B6-4CD5-B95C-B84442425D19}.Debug|x64.ActiveCfg = Debug|Any CPU
		{C836E570-A4B6-4CD5-B95C-B84442425D19}.Debug|x64.Build.0 = Debug|Any CPU
		{C836E570-A4B6-4CD5-B95C-B84442425D19}.Debug|x86.ActiveCfg = Debug|Any CPU
		{C836E570-A4B6-4CD5-B95C-B84442425D19}.Debug|x86.Build.0 = Debug|Any CPU
		{C836E570-A4B6-4CD5-B95C-B84442425D19}.Release|Any CPU.ActiveCfg = Release|Any CPU
		{C836E570-A4B6-4CD5-B95C-B84442425D19}.Release|Any CPU.Build.0 = Release|Any CPU
		{C836E570-A4B6-4CD5-B95C-B84442425D19}.Release|x64.ActiveCfg = Release|Any CPU
		{C836E570-A4B6-4CD5-B95C-B84442425D19}.Release|x64.Build.0 = Release|Any CPU
		{C836E570-A4B6-4CD5-B95C-B84442425D19}.Release|x86.ActiveCfg = Release|Any CPU
		{C836E570-A4B6-4CD5-B95C-B84442425D19}.Release|x86.Build.0 = Release|Any CPU
		{6AE2DBF2-A9B9-4105-85C7-C4BC5FE22C0A}.Debug|Any CPU.ActiveCfg = Debug|Any CPU
		{6AE2DBF2-A9B9-4105-85C7-C4BC5FE22C0A}.Debug|Any CPU.Build.0 = Debug|Any CPU
		{6AE2DBF2-A9B9-4105-85C7-C4BC5FE22C0A}.Debug|x64.ActiveCfg = Debug|Any CPU
		{6AE2DBF2-A9B9-4105-85C7-C4BC5FE22C0A}.Debug|x64.Build.0 = Debug|Any CPU
		{6AE2DBF2-A9B9-4105-85C7-C4BC5FE22C0A}.Debug|x86.ActiveCfg = Debug|Any CPU
		{6AE2DBF2-A9B9-4105-85C7-C4BC5FE22C0A}.Debug|x86.Build.0 = Debug|Any CPU
		{6AE2DBF2-A9B9-4105-85C7-C4BC5FE22C0A}.Release|Any CPU.ActiveCfg = Release|Any CPU
		{6AE2DBF2-A9B9-4105-85C7-C4BC5FE22C0A}.Release|Any CPU.Build.0 = Release|Any CPU
		{6AE2DBF2-A9B9-4105-85C7-C4BC5FE22C0A}.Release|x64.ActiveCfg = Release|Any CPU
		{6AE2DBF2-A9B9-4105-85C7-C4BC5FE22C0A}.Release|x64.Build.0 = Release|Any CPU
		{6AE2DBF2-A9B9-4105-85C7-C4BC5FE22C0A}.Release|x86.ActiveCfg = Release|Any CPU
		{6AE2DBF2-A9B9-4105-85C7-C4BC5FE22C0A}.Release|x86.Build.0 = Release|Any CPU
		{C73E9E1B-CC4E-4389-BBD1-734F60371723}.Debug|Any CPU.ActiveCfg = Debug|Any CPU
		{C73E9E1B-CC4E-4389-BBD1-734F60371723}.Debug|Any CPU.Build.0 = Debug|Any CPU
		{C73E9E1B-CC4E-4389-BBD1-734F60371723}.Debug|x64.ActiveCfg = Debug|Any CPU
		{C73E9E1B-CC4E-4389-BBD1-734F60371723}.Debug|x64.Build.0 = Debug|Any CPU
		{C73E9E1B-CC4E-4389-BBD1-734F60371723}.Debug|x86.ActiveCfg = Debug|Any CPU
		{C73E9E1B-CC4E-4389-BBD1-734F60371723}.Debug|x86.Build.0 = Debug|Any CPU
		{C73E9E1B-CC4E-4389-BBD1-734F60371723}.Release|Any CPU.ActiveCfg = Release|Any CPU
		{C73E9E1B-CC4E-4389-BBD1-734F60371723}.Release|Any CPU.Build.0 = Release|Any CPU
		{C73E9E1B-CC4E-4389-BBD1-734F60371723}.Release|x64.ActiveCfg = Release|Any CPU
		{C73E9E1B-CC4E-4389-BBD1-734F60371723}.Release|x64.Build.0 = Release|Any CPU
		{C73E9E1B-CC4E-4389-BBD1-734F60371723}.Release|x86.ActiveCfg = Release|Any CPU
		{C73E9E1B-CC4E-4389-BBD1-734F60371723}.Release|x86.Build.0 = Release|Any CPU
		{9C1D39F9-6C6C-48F7-95CC-FE923090B717}.Debug|Any CPU.ActiveCfg = Debug|Any CPU
		{9C1D39F9-6C6C-48F7-95CC-FE923090B717}.Debug|Any CPU.Build.0 = Debug|Any CPU
		{9C1D39F9-6C6C-48F7-95CC-FE923090B717}.Debug|x64.ActiveCfg = Debug|Any CPU
		{9C1D39F9-6C6C-48F7-95CC-FE923090B717}.Debug|x64.Build.0 = Debug|Any CPU
		{9C1D39F9-6C6C-48F7-95CC-FE923090B717}.Debug|x86.ActiveCfg = Debug|Any CPU
		{9C1D39F9-6C6C-48F7-95CC-FE923090B717}.Debug|x86.Build.0 = Debug|Any CPU
		{9C1D39F9-6C6C-48F7-95CC-FE923090B717}.Release|Any CPU.ActiveCfg = Release|Any CPU
		{9C1D39F9-6C6C-48F7-95CC-FE923090B717}.Release|Any CPU.Build.0 = Release|Any CPU
		{9C1D39F9-6C6C-48F7-95CC-FE923090B717}.Release|x64.ActiveCfg = Release|Any CPU
		{9C1D39F9-6C6C-48F7-95CC-FE923090B717}.Release|x64.Build.0 = Release|Any CPU
		{9C1D39F9-6C6C-48F7-95CC-FE923090B717}.Release|x86.ActiveCfg = Release|Any CPU
		{9C1D39F9-6C6C-48F7-95CC-FE923090B717}.Release|x86.Build.0 = Release|Any CPU
		{BE325C3E-B418-44CB-8E0F-FF3B84FCBAE0}.Debug|Any CPU.ActiveCfg = Debug|Any CPU
		{BE325C3E-B418-44CB-8E0F-FF3B84FCBAE0}.Debug|Any CPU.Build.0 = Debug|Any CPU
		{BE325C3E-B418-44CB-8E0F-FF3B84FCBAE0}.Debug|x64.ActiveCfg = Debug|Any CPU
		{BE325C3E-B418-44CB-8E0F-FF3B84FCBAE0}.Debug|x64.Build.0 = Debug|Any CPU
		{BE325C3E-B418-44CB-8E0F-FF3B84FCBAE0}.Debug|x86.ActiveCfg = Debug|Any CPU
		{BE325C3E-B418-44CB-8E0F-FF3B84FCBAE0}.Debug|x86.Build.0 = Debug|Any CPU
		{BE325C3E-B418-44CB-8E0F-FF3B84FCBAE0}.Release|Any CPU.ActiveCfg = Release|Any CPU
		{BE325C3E-B418-44CB-8E0F-FF3B84FCBAE0}.Release|Any CPU.Build.0 = Release|Any CPU
		{BE325C3E-B418-44CB-8E0F-FF3B84FCBAE0}.Release|x64.ActiveCfg = Release|Any CPU
		{BE325C3E-B418-44CB-8E0F-FF3B84FCBAE0}.Release|x64.Build.0 = Release|Any CPU
		{BE325C3E-B418-44CB-8E0F-FF3B84FCBAE0}.Release|x86.ActiveCfg = Release|Any CPU
		{BE325C3E-B418-44CB-8E0F-FF3B84FCBAE0}.Release|x86.Build.0 = Release|Any CPU
	EndGlobalSection
	GlobalSection(SolutionProperties) = preSolution
		HideSolutionNode = FALSE
	EndGlobalSection
	GlobalSection(ExtensibilityGlobals) = postSolution
		SolutionGuid = {5F4CB539-6760-46AB-AF43-3B5738AF96B3}
	EndGlobalSection
EndGlobal
