
Microsoft Visual Studio Solution File, Format Version 12.00
# Visual Studio Version 17
VisualStudioVersion = 17.1.32421.90
MinimumVisualStudioVersion = 10.0.40219.1
Project("{9A19103F-16F7-4668-BE54-9A1E7A4F7556}") = "Kafe.Api", "Api\Kafe.Api.csproj", "{B2EB6382-1064-4AD8-B56F-B26B9F61BD7B}"
EndProject
Project("{9A19103F-16F7-4668-BE54-9A1E7A4F7556}") = "Kafe.Migrator", "Migrator\Kafe.Migrator.csproj", "{4F5ABC6E-B9BA-41D7-8C2E-A77E353AC88D}"
EndProject
Project("{9A19103F-16F7-4668-BE54-9A1E7A4F7556}") = "Kafe.Tests", "Tests\Kafe.Tests.csproj", "{58B4DB5E-3C7B-4853-BEB9-46616D3FF7BA}"
EndProject
Project("{9A19103F-16F7-4668-BE54-9A1E7A4F7556}") = "Kafe.Ruv", "Ruv\Kafe.Ruv.csproj", "{F6AA5B2C-FADA-4B93-BC4C-5E076C93E85F}"
EndProject
Project("{9A19103F-16F7-4668-BE54-9A1E7A4F7556}") = "Kafe.Media", "Media\Kafe.Media.csproj", "{BC834D1B-BC91-4760-B93C-1CF51E1F5D48}"
EndProject
Project("{9A19103F-16F7-4668-BE54-9A1E7A4F7556}") = "Kafe.Playground", "Playground\Kafe.Playground.csproj", "{42A6C973-2DF2-40E6-BAFB-632CC64CBDF3}"
EndProject
Project("{9A19103F-16F7-4668-BE54-9A1E7A4F7556}") = "Kafe.Data", "Data\Kafe.Data.csproj", "{15B0CB61-7181-4BC3-B66C-638D865D5060}"
EndProject
Project("{9A19103F-16F7-4668-BE54-9A1E7A4F7556}") = "Kafe.Common", "Common\Kafe.Common.csproj", "{7AB3C00C-29A2-4FE7-B14A-363F0D26D6A7}"
EndProject
Project("{2150E333-8FDC-42A3-9474-1A3956D46DE8}") = "Solution Items", "Solution Items", "{C2C83C2A-BD93-4D92-ACE2-B956B31B0D89}"
	ProjectSection(SolutionItems) = preProject
		.editorconfig = .editorconfig
		.gitattributes = .gitattributes
		.gitignore = .gitignore
		.gitlab-ci.yml = .gitlab-ci.yml
		Api.Dockerfile = Api.Dockerfile
		Directory.Build.props = Directory.Build.props
		docker-compose.yml = docker-compose.yml
		NuGet.config = NuGet.config
	EndProjectSection
EndProject
Project("{FAE04EC0-301F-11D3-BF4B-00C04F79EFBC}") = "Kafe.MockIdentity", "MockIdentity\Kafe.MockIdentity.csproj", "{3A0F9596-06EC-4B5B-AA12-DB5B28D351DA}"
EndProject
Project("{FAE04EC0-301F-11D3-BF4B-00C04F79EFBC}") = "Kafe.Announcer", "Announcer\Kafe.Announcer.csproj", "{02C5E470-3ABC-471B-BB9C-36E279E2917A}"
EndProject
Project("{FAE04EC0-301F-11D3-BF4B-00C04F79EFBC}") = "Pigeons", "Pigeons\Pigeons.csproj", "{49E36B83-B7A7-4E3D-B179-932DD2DDDE9E}"
EndProject
Global
	GlobalSection(SolutionConfigurationPlatforms) = preSolution
		Debug|Any CPU = Debug|Any CPU
		Release|Any CPU = Release|Any CPU
	EndGlobalSection
	GlobalSection(ProjectConfigurationPlatforms) = postSolution
		{B2EB6382-1064-4AD8-B56F-B26B9F61BD7B}.Debug|Any CPU.ActiveCfg = Debug|Any CPU
		{B2EB6382-1064-4AD8-B56F-B26B9F61BD7B}.Debug|Any CPU.Build.0 = Debug|Any CPU
		{B2EB6382-1064-4AD8-B56F-B26B9F61BD7B}.Release|Any CPU.ActiveCfg = Release|Any CPU
		{B2EB6382-1064-4AD8-B56F-B26B9F61BD7B}.Release|Any CPU.Build.0 = Release|Any CPU
		{4F5ABC6E-B9BA-41D7-8C2E-A77E353AC88D}.Debug|Any CPU.ActiveCfg = Debug|Any CPU
		{4F5ABC6E-B9BA-41D7-8C2E-A77E353AC88D}.Debug|Any CPU.Build.0 = Debug|Any CPU
		{4F5ABC6E-B9BA-41D7-8C2E-A77E353AC88D}.Release|Any CPU.ActiveCfg = Release|Any CPU
		{4F5ABC6E-B9BA-41D7-8C2E-A77E353AC88D}.Release|Any CPU.Build.0 = Release|Any CPU
		{58B4DB5E-3C7B-4853-BEB9-46616D3FF7BA}.Debug|Any CPU.ActiveCfg = Debug|Any CPU
		{58B4DB5E-3C7B-4853-BEB9-46616D3FF7BA}.Debug|Any CPU.Build.0 = Debug|Any CPU
		{58B4DB5E-3C7B-4853-BEB9-46616D3FF7BA}.Release|Any CPU.ActiveCfg = Release|Any CPU
		{58B4DB5E-3C7B-4853-BEB9-46616D3FF7BA}.Release|Any CPU.Build.0 = Release|Any CPU
		{F6AA5B2C-FADA-4B93-BC4C-5E076C93E85F}.Debug|Any CPU.ActiveCfg = Debug|Any CPU
		{F6AA5B2C-FADA-4B93-BC4C-5E076C93E85F}.Debug|Any CPU.Build.0 = Debug|Any CPU
		{F6AA5B2C-FADA-4B93-BC4C-5E076C93E85F}.Release|Any CPU.ActiveCfg = Release|Any CPU
		{F6AA5B2C-FADA-4B93-BC4C-5E076C93E85F}.Release|Any CPU.Build.0 = Release|Any CPU
		{BC834D1B-BC91-4760-B93C-1CF51E1F5D48}.Debug|Any CPU.ActiveCfg = Debug|Any CPU
		{BC834D1B-BC91-4760-B93C-1CF51E1F5D48}.Debug|Any CPU.Build.0 = Debug|Any CPU
		{BC834D1B-BC91-4760-B93C-1CF51E1F5D48}.Release|Any CPU.ActiveCfg = Release|Any CPU
		{BC834D1B-BC91-4760-B93C-1CF51E1F5D48}.Release|Any CPU.Build.0 = Release|Any CPU
		{42A6C973-2DF2-40E6-BAFB-632CC64CBDF3}.Debug|Any CPU.ActiveCfg = Debug|Any CPU
		{42A6C973-2DF2-40E6-BAFB-632CC64CBDF3}.Debug|Any CPU.Build.0 = Debug|Any CPU
		{42A6C973-2DF2-40E6-BAFB-632CC64CBDF3}.Release|Any CPU.ActiveCfg = Release|Any CPU
		{42A6C973-2DF2-40E6-BAFB-632CC64CBDF3}.Release|Any CPU.Build.0 = Release|Any CPU
		{15B0CB61-7181-4BC3-B66C-638D865D5060}.Debug|Any CPU.ActiveCfg = Debug|Any CPU
		{15B0CB61-7181-4BC3-B66C-638D865D5060}.Debug|Any CPU.Build.0 = Debug|Any CPU
		{15B0CB61-7181-4BC3-B66C-638D865D5060}.Release|Any CPU.ActiveCfg = Release|Any CPU
		{15B0CB61-7181-4BC3-B66C-638D865D5060}.Release|Any CPU.Build.0 = Release|Any CPU
		{7AB3C00C-29A2-4FE7-B14A-363F0D26D6A7}.Debug|Any CPU.ActiveCfg = Debug|Any CPU
		{7AB3C00C-29A2-4FE7-B14A-363F0D26D6A7}.Debug|Any CPU.Build.0 = Debug|Any CPU
		{7AB3C00C-29A2-4FE7-B14A-363F0D26D6A7}.Release|Any CPU.ActiveCfg = Release|Any CPU
		{7AB3C00C-29A2-4FE7-B14A-363F0D26D6A7}.Release|Any CPU.Build.0 = Release|Any CPU
		{3A0F9596-06EC-4B5B-AA12-DB5B28D351DA}.Debug|Any CPU.ActiveCfg = Debug|Any CPU
		{3A0F9596-06EC-4B5B-AA12-DB5B28D351DA}.Debug|Any CPU.Build.0 = Debug|Any CPU
		{3A0F9596-06EC-4B5B-AA12-DB5B28D351DA}.Release|Any CPU.ActiveCfg = Release|Any CPU
		{3A0F9596-06EC-4B5B-AA12-DB5B28D351DA}.Release|Any CPU.Build.0 = Release|Any CPU
		{02C5E470-3ABC-471B-BB9C-36E279E2917A}.Debug|Any CPU.ActiveCfg = Debug|Any CPU
		{02C5E470-3ABC-471B-BB9C-36E279E2917A}.Debug|Any CPU.Build.0 = Debug|Any CPU
		{02C5E470-3ABC-471B-BB9C-36E279E2917A}.Release|Any CPU.ActiveCfg = Release|Any CPU
		{02C5E470-3ABC-471B-BB9C-36E279E2917A}.Release|Any CPU.Build.0 = Release|Any CPU
		{49E36B83-B7A7-4E3D-B179-932DD2DDDE9E}.Debug|Any CPU.ActiveCfg = Debug|Any CPU
		{49E36B83-B7A7-4E3D-B179-932DD2DDDE9E}.Debug|Any CPU.Build.0 = Debug|Any CPU
		{49E36B83-B7A7-4E3D-B179-932DD2DDDE9E}.Release|Any CPU.ActiveCfg = Release|Any CPU
		{49E36B83-B7A7-4E3D-B179-932DD2DDDE9E}.Release|Any CPU.Build.0 = Release|Any CPU
	EndGlobalSection
	GlobalSection(SolutionProperties) = preSolution
		HideSolutionNode = FALSE
	EndGlobalSection
	GlobalSection(ExtensibilityGlobals) = postSolution
		SolutionGuid = {5F4CB539-6760-46AB-AF43-3B5738AF96B3}
	EndGlobalSection
EndGlobal
